
Microsoft Visual Studio Solution File, Format Version 12.00
# Visual Studio Version 17
VisualStudioVersion = 17.5.33516.290
MinimumVisualStudioVersion = 10.0.40219.1
Project("{FAE04EC0-301F-11D3-BF4B-00C04F79EFBC}") = "day 1 (7)", "day 1 (7)\day 1 (7).csproj", "{BD1031E8-3AF6-4833-9C5E-07DB34C0CFCC}"
EndProject
Global
	GlobalSection(SolutionConfigurationPlatforms) = preSolution
		Debug|Any CPU = Debug|Any CPU
		Release|Any CPU = Release|Any CPU
	EndGlobalSection
	GlobalSection(ProjectConfigurationPlatforms) = postSolution
		{BD1031E8-3AF6-4833-9C5E-07DB34C0CFCC}.Debug|Any CPU.ActiveCfg = Debug|Any CPU
		{BD1031E8-3AF6-4833-9C5E-07DB34C0CFCC}.Debug|Any CPU.Build.0 = Debug|Any CPU
		{BD1031E8-3AF6-4833-9C5E-07DB34C0CFCC}.Release|Any CPU.ActiveCfg = Release|Any CPU
		{BD1031E8-3AF6-4833-9C5E-07DB34C0CFCC}.Release|Any CPU.Build.0 = Release|Any CPU
	EndGlobalSection
	GlobalSection(SolutionProperties) = preSolution
		HideSolutionNode = FALSE
	EndGlobalSection
	GlobalSection(ExtensibilityGlobals) = postSolution
		SolutionGuid = {DA6C8CF2-10F2-4C9D-A707-4D48A09E20C6}
	EndGlobalSection
EndGlobal
